{
  "eval_gemfile \"modular/x_std_libs/r2/libs.gemfile\"\nremove_gem \"appraisal\" # only present because it must be in the gemfile because we target a git branch": [
    {
      "file": "Appraisals",
      "lines": [
        114,
        120,
        126,
        132,
        138,
        144,
        150,
        156,
        162
      ]
    }
  ],
  "eval_gemfile \"modular/x_std_libs/r3/libs.gemfile\"\nremove_gem \"appraisal\" # only present because it must be in the gemfile because we target a git branch": [
    {
      "file": "Appraisals",
      "lines": [
        168,
        174,
        182,
        192,
        200
      ]
    }
  ]
}
