{
  "spec/omniauth/openid/version_spec.rb:4012809883": [
    [12, 58, 25, "RSpec/DescribedClass: Use `described_class` instead of `OmniAuth::OpenID::Version`.", 3486261707]
  ],
  "spec/omniauth/strategies/open_id_spec.rb:3383874172": [
    [1, 1, 60, "RSpec/SpecFilePathFormat: Spec path should end with `omni_auth/strategies/open_id*_spec.rb`.", 3122388919],
    [55, 13, 12, "RSpec/ContextWording: Context description should match /^when\\b/, /^with\\b/, or /^without\\b/.", 1731001529],
    [72, 13, 14, "RSpec/ContextWording: Context description should match /^when\\b/, /^with\\b/, or /^without\\b/.", 468958882],
    [75, 11, 7, "RSpec/PendingWithoutReason: Give the reason for pending.", 2397655994]
  ]
}
