PATH
  remote: .
  specs:
    omniauth-openid (2.0.2)
      omniauth (>= 1.1)
      rack-openid (~> 1.4)
      ruby-openid (~> 2.1, >= 2.1.8)
      version_gem (~> 1.1, >= 1.1.15)

PATH
  remote: /var/home/pboling/src/my/structuredmerge/ruby/gems/ast-crispr-markdown-markly
  specs:
    ast-crispr-markdown-markly (7.1.1)
      ast-crispr (= 7.1.1)
      markdown-merge (= 7.1.1)
      markly-merge (= 7.1.1)
      version_gem (~> 1.1, >= 1.1.15)

PATH
  remote: /var/home/pboling/src/my/structuredmerge/ruby/gems/ast-crispr-ruby-prism
  specs:
    ast-crispr-ruby-prism (7.1.1)
      ast-crispr (= 7.1.1)
      prism-merge (= 7.1.1)
      version_gem (~> 1.1, >= 1.1.15)

PATH
  remote: /var/home/pboling/src/my/structuredmerge/ruby/gems/ast-crispr
  specs:
    ast-crispr (7.1.1)
      ast-merge (= 7.1.1)
      service_actor (~> 3.9)
      version_gem (~> 1.1, >= 1.1.15)

PATH
  remote: /var/home/pboling/src/my/structuredmerge/ruby/gems/ast-merge-git
  specs:
    ast-merge-git (7.1.1)
      ast-merge (= 7.1.1)
      json-merge (= 7.1.1)
      version_gem (~> 1.1, >= 1.1.15)

PATH
  remote: /var/home/pboling/src/my/structuredmerge/ruby/gems/ast-merge
  specs:
    ast-merge (7.1.1)
      benchmark
      token-resolver (~> 2.0, >= 2.0.4)
      tree_haver (= 7.1.1)
      version_gem (~> 1.1, >= 1.1.15)

PATH
  remote: /var/home/pboling/src/my/structuredmerge/ruby/gems/ast-template
  specs:
    ast-template (7.1.1)
      ast-merge (= 7.1.1)
      version_gem (~> 1.1, >= 1.1.15)

PATH
  remote: /var/home/pboling/src/my/structuredmerge/ruby/gems/bash-merge
  specs:
    bash-merge (7.1.1)
      ast-merge (= 7.1.1)
      tree_haver (= 7.1.1)
      version_gem (~> 1.1, >= 1.1.15)

PATH
  remote: /var/home/pboling/src/my/structuredmerge/ruby/gems/binary-merge
  specs:
    binary-merge (7.1.1)
      tree_haver (= 7.1.1)
      version_gem (~> 1.1, >= 1.1.15)

PATH
  remote: /var/home/pboling/src/my/structuredmerge/ruby/gems/citrus-toml-merge
  specs:
    citrus-toml-merge (7.1.1)
      toml-merge (= 7.1.1)
      toml-rb (~> 4.1)
      version_gem (~> 1.1, >= 1.1.15)

PATH
  remote: /var/home/pboling/src/my/structuredmerge/ruby/gems/commonmarker-merge
  specs:
    commonmarker-merge (7.1.1)
      commonmarker (~> 2.2)
      markdown-merge (= 7.1.1)
      version_gem (~> 1.1, >= 1.1.15)

PATH
  remote: /var/home/pboling/src/my/structuredmerge/ruby/gems/dotenv-merge
  specs:
    dotenv-merge (7.1.1)
      ast-merge (= 7.1.1)
      plain-merge (= 7.1.1)
      tree_haver (= 7.1.1)
      version_gem (~> 1.1, >= 1.1.15)

PATH
  remote: /var/home/pboling/src/my/structuredmerge/ruby/gems/go-merge
  specs:
    go-merge (7.1.1)
      ast-merge (= 7.1.1)
      tree_haver (= 7.1.1)
      version_gem (~> 1.1, >= 1.1.15)

PATH
  remote: /var/home/pboling/src/my/structuredmerge/ruby/gems/json-merge
  specs:
    json-merge (7.1.1)
      ast-merge (= 7.1.1)
      tree_haver (= 7.1.1)
      version_gem (~> 1.1, >= 1.1.15)

PATH
  remote: /var/home/pboling/src/my/structuredmerge/ruby/gems/kettle-jem
  specs:
    kettle-jem (7.1.1)
      addressable (>= 2.8, < 3)
      ast-crispr-markdown-markly (= 7.1.1)
      ast-crispr-ruby-prism (= 7.1.1)
      ast-merge (= 7.1.1)
      bash-merge (= 7.1.1)
      citrus-toml-merge (= 7.1.1)
      commonmarker-merge (= 7.1.1)
      dotenv-merge (= 7.1.1)
      json-merge (= 7.1.1)
      kettle-dev (~> 2.3, >= 2.3.5)
      kettle-gha-pins (~> 0.3, >= 0.3.3)
      kettle-ndjson (~> 0.1, >= 0.1.3)
      kettle-rb (~> 0.1, >= 0.1.7)
      kramdown-merge (= 7.1.1)
      markdown-merge (= 7.1.1)
      markly-merge (= 7.1.1)
      parslet (~> 2.0)
      prism-merge (= 7.1.1)
      psych-merge (= 7.1.1)
      rbs (>= 3.10)
      rbs-merge (= 7.1.1)
      ruby-merge (= 7.1.1)
      token-resolver (~> 2.0, >= 2.0.4)
      toml-merge (= 7.1.1)
      toml-rb (~> 4.2)
      tree_haver (= 7.1.1)
      yaml-merge (= 7.1.1)

PATH
  remote: /var/home/pboling/src/my/structuredmerge/ruby/gems/kramdown-merge
  specs:
    kramdown-merge (7.1.1)
      kramdown (~> 2.5)
      markdown-merge (= 7.1.1)
      version_gem (~> 1.1, >= 1.1.15)

PATH
  remote: /var/home/pboling/src/my/structuredmerge/ruby/gems/markdown-merge
  specs:
    markdown-merge (7.1.1)
      ast-merge (= 7.1.1)
      tree_haver (= 7.1.1)
      version_gem (~> 1.1, >= 1.1.15)

PATH
  remote: /var/home/pboling/src/my/structuredmerge/ruby/gems/markly-merge
  specs:
    markly-merge (7.1.1)
      markdown-merge (= 7.1.1)
      markly (~> 0.9)
      version_gem (~> 1.1, >= 1.1.15)

PATH
  remote: /var/home/pboling/src/my/structuredmerge/ruby/gems/parslet-toml-merge
  specs:
    parslet-toml-merge (7.1.1)
      toml (~> 0.3)
      toml-merge (= 7.1.1)
      version_gem (~> 1.1, >= 1.1.15)

PATH
  remote: /var/home/pboling/src/my/structuredmerge/ruby/gems/plain-merge
  specs:
    plain-merge (7.1.1)
      ast-merge (= 7.1.1)
      tree_haver (= 7.1.1)
      version_gem (~> 1.1, >= 1.1.15)

PATH
  remote: /var/home/pboling/src/my/structuredmerge/ruby/gems/prism-merge
  specs:
    prism-merge (7.1.1)
      prism (~> 1.6)
      ruby-merge (= 7.1.1)
      version_gem (~> 1.1, >= 1.1.15)

PATH
  remote: /var/home/pboling/src/my/structuredmerge/ruby/gems/psych-merge
  specs:
    psych-merge (7.1.1)
      ast-merge (= 7.1.1)
      tree_haver (= 7.1.1)
      version_gem (~> 1.1, >= 1.1.15)
      yaml-merge (= 7.1.1)

PATH
  remote: /var/home/pboling/src/my/structuredmerge/ruby/gems/rbs-merge
  specs:
    rbs-merge (7.1.1)
      ast-merge (= 7.1.1)
      rbs (>= 3.10)
      tree_haver (= 7.1.1)
      version_gem (~> 1.1, >= 1.1.15)

PATH
  remote: /var/home/pboling/src/my/structuredmerge/ruby/gems/ruby-merge
  specs:
    ruby-merge (7.1.1)
      ast-merge (= 7.1.1)
      tree_haver (= 7.1.1)
      version_gem (~> 1.1, >= 1.1.15)

PATH
  remote: /var/home/pboling/src/my/structuredmerge/ruby/gems/rust-merge
  specs:
    rust-merge (7.1.1)
      ast-merge (= 7.1.1)
      tree_haver (= 7.1.1)
      version_gem (~> 1.1, >= 1.1.15)

PATH
  remote: /var/home/pboling/src/my/structuredmerge/ruby/gems/smorg-rb
  specs:
    smorg-rb (7.1.1)
      ast-merge (= 7.1.1)
      ast-merge-git (= 7.1.1)
      diff-lcs (~> 1.5)
      go-merge (= 7.1.1)
      json-merge (= 7.1.1)
      kettle-jem (= 7.1.1)
      markly-merge (= 7.1.1)
      plain-merge (= 7.1.1)
      version_gem (~> 1.1, >= 1.1.15)

PATH
  remote: /var/home/pboling/src/my/structuredmerge/ruby/gems/toml-merge
  specs:
    toml-merge (7.1.1)
      ast-merge (= 7.1.1)
      tree_haver (= 7.1.1)
      version_gem (~> 1.1, >= 1.1.15)

PATH
  remote: /var/home/pboling/src/my/structuredmerge/ruby/gems/tree_haver
  specs:
    tree_haver (7.1.1)
      citrus (~> 3.0)
      parslet (~> 2.0)
      tree_sitter_language_pack (>= 1.13.2, < 2.0)
      version_gem (~> 1.1, >= 1.1.15)

PATH
  remote: /var/home/pboling/src/my/structuredmerge/ruby/gems/typescript-merge
  specs:
    typescript-merge (7.1.1)
      ast-merge (= 7.1.1)
      tree_haver (= 7.1.1)
      version_gem (~> 1.1, >= 1.1.15)

PATH
  remote: /var/home/pboling/src/my/structuredmerge/ruby/gems/yaml-merge
  specs:
    yaml-merge (7.1.1)
      ast-merge (= 7.1.1)
      tree_haver (= 7.1.1)
      version_gem (~> 1.1, >= 1.1.15)

PATH
  remote: /var/home/pboling/src/my/structuredmerge/ruby/gems/zip-merge
  specs:
    zip-merge (7.1.1)
      binary-merge (= 7.1.1)
      tree_haver (= 7.1.1)
      version_gem (~> 1.1, >= 1.1.15)

GEM
  remote: https://gem.coop/
  specs:
    addressable (2.9.0)
      public_suffix (>= 2.0.2, < 8.0)
    anonymous_loader (0.1.3)
      version_gem (~> 1.1, >= 1.1.14)
    ansi (1.6.0)
    appraisal2 (3.2.0)
      bundler (>= 1.17.3)
      rake (>= 10)
      thor (>= 0.14)
    appraisal2-rubocop (1.0.0)
      appraisal2 (>= 3.1.4)
      rubocop (>= 1.0)
      version_gem (~> 1.1, >= 1.1.14)
    ast (2.4.3)
    backports (3.25.3)
    base64 (0.3.0)
    benchmark (0.5.0)
    bigdecimal (4.1.2)
    bundler-audit (0.9.3)
      bundler (>= 1.2.0)
      thor (~> 1.0)
    cgi (0.5.2)
    citrus (3.0.2)
    cmdparse (3.0.7)
    colsole (1.0.1)
    command_kit (0.6.0)
    command_kit-completion (0.3.0)
      command_kit (~> 0.1)
      completely (~> 0.6)
    commonmarker (2.9.0-x86_64-linux)
    completely (0.8.0)
      colsole (~> 1.0.0)
      erb
      mister_bin (~> 0.7)
    concurrent-ruby (1.3.7)
    crack (1.0.1)
      bigdecimal
      rexml
    date (3.5.1)
    debug (1.11.1)
      irb (~> 1.10)
      reline (>= 0.3.8)
    delegate (0.6.1)
    diff-lcs (1.6.2)
    diffy (3.4.4)
    docopt_ng (0.7.1)
    dry-configurable (1.4.0)
      dry-core (~> 1.0)
      zeitwerk (~> 2.6)
    dry-core (1.2.0)
      concurrent-ruby (~> 1.0)
      logger
      zeitwerk (~> 2.6)
    dry-inflector (1.3.1)
    dry-initializer (3.2.0)
    dry-logic (1.6.0)
      bigdecimal
      concurrent-ruby (~> 1.0)
      dry-core (~> 1.1)
      zeitwerk (~> 2.6)
    dry-schema (1.16.0)
      concurrent-ruby (~> 1.0)
      dry-configurable (~> 1.0, >= 1.0.1)
      dry-core (~> 1.1)
      dry-initializer (~> 3.2)
      dry-logic (~> 1.6)
      dry-types (~> 1.9, >= 1.9.1)
      zeitwerk (~> 2.6)
    dry-types (1.9.1)
      bigdecimal (>= 3.0)
      concurrent-ruby (~> 1.0)
      dry-core (~> 1.0)
      dry-inflector (~> 1.0)
      dry-logic (~> 1.4)
      zeitwerk (~> 2.6)
    emoji_regex (15.0.0)
    erb (6.0.6)
    gem_bench (2.0.5)
      bundler (>= 1.14)
      version_gem (~> 1.1, >= 1.1.4)
    geom2d (0.4.1)
    gitmoji-regex (2.0.11)
      version_gem (~> 1.1, >= 1.1.14)
    hashdiff (1.2.1)
    hashie (5.1.0)
      logger
    hexapdf (1.9.1)
      cmdparse (~> 3.0, >= 3.0.3)
      geom2d (~> 0.4, >= 0.4.1)
      openssl (>= 2.2.1)
      strscan (>= 3.1.2)
    io-console (0.8.2)
    irb (1.18.0)
      pp (>= 0.6.0)
      prism (>= 1.3.0)
      rdoc (>= 4.0.0)
      reline (>= 0.4.2)
    json (2.20.0)
    kettle-dev (2.5.26)
      emoji_regex (>= 15.0)
      kettle-gha-pins (~> 0.3, >= 0.3.5)
      kettle-ndjson (~> 0.1, >= 0.1.10)
      kettle-rb (~> 0.1, >= 0.1.8)
      kettle-test (~> 2.0, >= 2.0.18)
      ruby-progressbar (~> 1.13)
      tty-progressbar (~> 0.18)
    kettle-drift (1.0.12)
      version_gem (~> 1.1, >= 1.1.15)
    kettle-family (1.2.43)
      command_kit (~> 0.6)
      command_kit-completion (~> 0.1)
      kettle-dev (~> 2.3, >= 2.5.26)
      kettle-test (~> 2.0, >= 2.0.18)
      tsort (~> 0.2)
      tty-screen (~> 0.8)
      unicode-display_width (~> 2.6)
    kettle-gha-pins (0.3.5)
      ruby-progressbar (~> 1.13)
      tty-progressbar (~> 0.18)
      version_gem (~> 1.1, >= 1.1.14)
    kettle-ndjson (0.1.10)
      version_gem (~> 1.1, >= 1.1.14)
    kettle-rb (0.1.8)
    kettle-soup-cover (3.0.9)
      kettle-wash (~> 0.1, >= 0.1.3)
      simplecov (>= 1.0)
      simplecov-cobertura (>= 4.0)
      simplecov-console (~> 0.9, >= 0.9.5)
      simplecov-rcov (~> 0.3, >= 0.3.7)
      simplecov_lcov_formatter (~> 0.9, >= 0.9.0)
    kettle-test (2.0.19)
      appraisal2 (~> 3.0, >= 3.0.6)
      backports (~> 3.0)
      rspec (~> 3.0)
      rspec-block_is_expected (~> 1.0, >= 1.0.6)
      rspec-pending_for (~> 0.1, >= 0.1.20)
      rspec-stubbed_env (~> 1.0, >= 1.0.6)
      rspec_junit_formatter (~> 0.6)
      silent_stream (~> 1.0, >= 1.0.12)
      timecop-rspec (~> 1.0, >= 1.0.3)
      turbo_tests2 (~> 3.1, >= 3.1.12)
    kettle-wash (0.1.3)
      version_gem (~> 1.1, >= 1.1.14)
    kramdown (2.5.2)
      rexml (>= 3.4.4)
    kramdown-parser-gfm (1.1.0)
      kramdown (~> 2.0)
    language_server-protocol (3.17.0.5)
    lint_roller (1.1.0)
    logger (1.7.0)
    markly (0.16.0)
    mister_bin (0.9.0)
      colsole (~> 1.0.0)
      docopt_ng (~> 0.7.1)
      reline (~> 0.6)
    mutex_m (0.3.0)
    nokogiri (1.19.4-x86_64-linux-gnu)
      racc (~> 1.4)
    nomono (1.1.4)
    omniauth (2.1.4)
      hashie (>= 3.4.6)
      logger
      rack (>= 2.2.3)
      rack-protection
    openssl (4.0.2)
    ostruct (0.6.3)
    parallel (1.28.0)
    parallel_tests (5.7.0)
      parallel
    parser (3.3.11.1)
      ast (~> 2.4.1)
      racc
    parslet (2.0.0)
    pp (0.6.4)
      prettyprint
    prettyprint (0.2.0)
    prism (1.9.0)
    psych (5.4.0)
      date
      stringio
    public_suffix (7.0.5)
    racc (1.8.1)
    rack (3.2.6)
    rack-openid (1.4.2)
      rack (>= 1.1.0)
      ruby-openid (>= 2.1.8)
    rack-protection (4.2.1)
      base64 (>= 0.1.0)
      logger (>= 1.6.0)
      rack (>= 3.0.0, < 4)
    rack-session (2.1.2)
      base64 (>= 0.1.0)
      rack (>= 3.0.0)
    rack-test (2.2.0)
      rack (>= 1.3)
    rainbow (3.1.1)
    rake (13.4.2)
    rbs (4.0.3)
      logger
      prism (>= 1.6.0)
      tsort
    rdoc (6.17.0)
      erb
      psych (>= 4.0.0)
      tsort
    reek (6.5.0)
      dry-schema (~> 1.13)
      logger (~> 1.6)
      parser (~> 3.3.0)
      rainbow (>= 2.0, < 4.0)
      rexml (~> 3.1)
    regexp_parser (2.12.0)
    reline (0.6.3)
      io-console (~> 0.5)
    require_bench (1.0.4)
      version_gem (>= 1.1.3, < 4)
    rexml (3.4.4)
    rspec (3.13.2)
      rspec-core (~> 3.13.0)
      rspec-expectations (~> 3.13.0)
      rspec-mocks (~> 3.13.0)
    rspec-block_is_expected (1.0.6)
    rspec-core (3.13.6)
      rspec-support (~> 3.13.0)
    rspec-expectations (3.13.5)
      diff-lcs (>= 1.2.0, < 2.0)
      rspec-support (~> 3.13.0)
    rspec-mocks (3.13.8)
      diff-lcs (>= 1.2.0, < 2.0)
      rspec-support (~> 3.13.0)
    rspec-pending_for (0.1.20)
      rspec-core (~> 3.0)
      ruby_engine (~> 2.0)
      ruby_version (~> 1.0)
      version_gem (~> 1.1, >= 1.1.8)
    rspec-stubbed_env (1.0.12)
    rspec-support (3.13.7)
    rspec_junit_formatter (0.6.0)
      rspec-core (>= 2, < 4, != 2.12.0)
    rubocop (1.88.2)
      json (~> 2.3)
      language_server-protocol (~> 3.17.0.2)
      lint_roller (~> 1.1.0)
      parallel (>= 1.10)
      parser (>= 3.3.0.2)
      rainbow (>= 2.2.2, < 4.0)
      regexp_parser (>= 2.9.3, < 3.0)
      rubocop-ast (>= 1.49.0, < 2.0)
      ruby-progressbar (~> 1.7)
      unicode-display_width (>= 2.4.0, < 4.0)
    rubocop-ast (1.49.1)
      parser (>= 3.3.7.2)
      prism (~> 1.7)
    rubocop-capybara (2.23.0)
      lint_roller (~> 1.1)
      rubocop (~> 1.81)
    rubocop-env (0.1.0)
      rubocop
    rubocop-factory_bot (2.28.0)
      lint_roller (~> 1.1)
      rubocop (~> 1.72, >= 1.72.1)
    rubocop-gradual (0.4.0)
      benchmark
      diff-lcs (>= 1.2.0, < 2.0)
      diffy (~> 3.0)
      parallel (~> 1.10)
      rainbow (>= 2.2.2, < 4.0)
      rubocop (~> 1.0)
    rubocop-lts (12.3.1)
      rubocop-ruby2_4 (~> 3.0, >= 3.0.1)
      standard-rubocop-lts (~> 2.0, >= 2.0.3)
      version_gem (~> 1.1, >= 1.1.13)
    rubocop-lts-rspec (1.0.5)
      rubocop (~> 1.84, >= 1.84.2)
      rubocop-env (~> 0.1, >= 0.1.0)
      rubocop-factory_bot (~> 2.28, >= 2.28.0)
      rubocop-rspec (~> 3.9, >= 3.9.0)
      rubocop-rspec-extra (~> 0.3, >= 0.3.0)
      standard (~> 1.54, >= 1.54.0)
      standard-rspec (~> 0.5, >= 0.5.0)
      version_gem (~> 1.1, >= 1.1.13)
    rubocop-md (2.0.4)
      lint_roller (~> 1.1)
      rubocop (>= 1.72.1)
    rubocop-minitest (0.40.0)
      lint_roller (~> 1.1)
      rubocop (>= 1.75.0, < 2.0)
      rubocop-ast (>= 1.38.0, < 2.0)
    rubocop-on-rbs (2.0.0)
      lint_roller (~> 1.1)
      rbs (~> 4.0)
      rubocop (>= 1.72.1, < 2.0)
      zlib
    rubocop-packaging (0.6.0)
      lint_roller (~> 1.1.0)
      rubocop (>= 1.72.1, < 2.0)
    rubocop-performance (1.26.1)
      lint_roller (~> 1.1)
      rubocop (>= 1.75.0, < 2.0)
      rubocop-ast (>= 1.47.1, < 2.0)
    rubocop-rake (0.7.1)
      lint_roller (~> 1.1)
      rubocop (>= 1.72.1)
    rubocop-rspec (3.10.2)
      lint_roller (~> 1.1)
      regexp_parser (>= 2.0)
      rubocop (~> 1.86, >= 1.86.2)
    rubocop-rspec-extra (0.3.0)
      lint_roller (~> 1.1)
      rubocop (>= 1.72.1, < 2.0)
    rubocop-rspec_rails (2.32.0)
      lint_roller (~> 1.1)
      rubocop (~> 1.72, >= 1.72.1)
      rubocop-rspec (~> 3.5)
    rubocop-ruby2_4 (3.0.5)
      rubocop-gradual (~> 0.3, >= 0.3.6)
      rubocop-md (~> 2.0, >= 2.0.4)
      rubocop-rake (~> 0.7, >= 0.7.1)
      rubocop-thread_safety (~> 0.7, >= 0.7.3)
      standard-rubocop-lts (~> 2.0, >= 2.0.3)
      version_gem (~> 1.1, >= 1.1.13)
    rubocop-thread_safety (0.7.3)
      lint_roller (~> 1.1)
      rubocop (~> 1.72, >= 1.72.1)
      rubocop-ast (>= 1.44.0, < 2.0)
    ruby-openid (2.9.2)
    ruby-progressbar (1.13.0)
    ruby_engine (2.0.3)
    ruby_version (1.0.3)
    service_actor (3.9.4)
      zeitwerk (>= 1.0)
    silent_stream (1.0.12)
      logger (~> 1.2)
      version_gem (>= 1.1.8, < 3)
    simplecov (1.0.2)
    simplecov-cobertura (4.0.0)
      rexml
      simplecov (~> 1.0)
    simplecov-console (0.9.5)
      ansi
      simplecov
      terminal-table
    simplecov-rcov (0.3.7)
      simplecov (>= 0.4.1)
    simplecov_lcov_formatter (0.9.0)
      simplecov (>= 0.18)
    sorbet-runtime (0.6.13420)
    standard (1.56.0)
      language_server-protocol (~> 3.17.0.2)
      lint_roller (~> 1.0)
      rubocop (~> 1.88.0)
      standard-custom (~> 1.0.0)
      standard-performance (~> 1.8)
    standard-custom (1.0.2)
      lint_roller (~> 1.0)
      rubocop (~> 1.50)
    standard-performance (1.9.0)
      lint_roller (~> 1.1)
      rubocop-performance (~> 1.26.0)
    standard-rspec (0.5.0)
      lint_roller (>= 1.0)
      rubocop-capybara (~> 2.23)
      rubocop-factory_bot (~> 2.27)
      rubocop-rspec (~> 3.9)
      rubocop-rspec_rails (~> 2.31)
    standard-rubocop-lts (2.0.9)
      standard (~> 1.54, >= 1.54.0)
      standard-custom (~> 1.0, >= 1.0.2)
      standard-performance (~> 1.9, >= 1.9.0)
      version_gem (~> 1.1, >= 1.1.13)
    stone_checksums (1.0.8)
    stringio (3.2.0)
    strings-ansi (0.2.0)
    strscan (3.1.8)
    terminal-table (4.0.0)
      unicode-display_width (>= 1.1.1, < 4)
    thor (1.5.0)
    timecop (0.9.11)
    timecop-rspec (1.0.3)
      delegate (~> 0.1)
      rspec (~> 3.0)
      timecop (>= 0.7, < 1)
    token-resolver (2.0.9)
      parslet (~> 2.0)
      version_gem (~> 1.1, >= 1.1.15)
    toml (0.3.0)
      parslet (>= 1.8.0, < 3.0.0)
    toml-rb (4.2.1)
      citrus (~> 3.0, > 3.0)
      racc (~> 1.7)
    tree_sitter_language_pack (1.14.3-x86_64-linux)
      sorbet-runtime (~> 0.5)
    tsort (0.2.0)
    tty-cursor (0.7.1)
    tty-progressbar (0.18.3)
      strings-ansi (~> 0.2)
      tty-cursor (~> 0.7)
      tty-screen (~> 0.8)
      unicode-display_width (>= 1.6, < 3.0)
    tty-screen (0.8.2)
    turbo_tests2 (3.2.4)
      parallel_tests (>= 3.3.0, < 6)
      rspec (>= 3.10)
      version_gem (~> 1.1, >= 1.1.14)
    unicode-display_width (2.6.0)
    version_gem (1.1.15)
    webmock (3.26.2)
      addressable (>= 2.8.0)
      crack (>= 0.3.2)
      hashdiff (>= 0.4.0, < 2.0.0)
    webrick (1.9.2)
    yaml-converter (0.2.4)
      hexapdf (>= 1.8, < 2)
      kramdown (>= 2.4, < 3)
      kramdown-parser-gfm (~> 1.1)
      version_gem (~> 1.1, >= 1.1.14)
    yard (0.9.45)
    yard-fence (0.9.7)
      rdoc (>= 6.11, < 8)
      version_gem (~> 1.1, >= 1.1.14)
      yard (~> 0.9, >= 0.9.37)
    yard-junk (0.1.0)
      benchmark
      ostruct
      rainbow
      yard
    yard-lint (1.10.2)
      yard (~> 0.9)
      zeitwerk (~> 2.6)
    yard-relative_markdown_links (0.6.0)
      nokogiri (>= 1.14.3, < 2)
    yard-timekeeper (0.2.5)
      version_gem (~> 1.1, >= 1.1.14)
    yard-yaml (0.2.4)
      version_gem (~> 1.1, >= 1.1.14)
      yaml-converter (~> 0.2)
    zeitwerk (2.8.2)
    zlib (3.2.3)

PLATFORMS
  x86_64-linux

DEPENDENCIES
  addressable (>= 2.8, < 3)
  anonymous_loader (~> 0.1, >= 0.1.3)
  appraisal2 (~> 3.2, >= 3.2.0)
  appraisal2-rubocop (~> 1.0, >= 1.0.0)
  ast-crispr!
  ast-crispr-markdown-markly!
  ast-crispr-ruby-prism!
  ast-merge!
  ast-merge-git!
  ast-template!
  bash-merge!
  benchmark (~> 0.5, >= 0.5.0)
  binary-merge!
  bundler-audit (~> 0.9.3)
  cgi (~> 0.5)
  citrus-toml-merge!
  commonmarker-merge!
  debug (>= 1.1)
  dotenv-merge!
  erb (~> 6.0, >= 6.0.6)
  gem_bench (~> 2.0, >= 2.0.5)
  gitmoji-regex (~> 2.0, >= 2.0.11)
  go-merge!
  irb (~> 1.17)
  json-merge!
  kettle-dev (~> 2.5, >= 2.5.17)
  kettle-drift (~> 1.0, >= 1.0.11)
  kettle-family (~> 1.2, >= 1.2.43)
  kettle-jem!
  kettle-soup-cover (~> 3.0, >= 3.0.9)
  kettle-test (~> 2.0, >= 2.0.19)
  kramdown (~> 2.5, >= 2.5.2)
  kramdown-merge!
  kramdown-parser-gfm (~> 1.1)
  markdown-merge!
  markly-merge!
  mutex_m (~> 0.2)
  nomono (~> 1.1, >= 1.1.4)
  omniauth-openid!
  parslet-toml-merge!
  plain-merge!
  prism-merge!
  psych-merge!
  rack-session (>= 1)
  rack-test (~> 2.2)
  rake (~> 13.0)
  rbs (>= 3.0)
  rbs-merge!
  reek (~> 6.5, >= 6.5.0)
  require_bench (~> 1.0, >= 1.0.4)
  rspec (~> 3)
  rspec-block_is_expected (~> 1.0, >= 1.0.6)
  rubocop-gradual (~> 0.4, >= 0.4.0)
  rubocop-lts (~> 12.3, >= 12.3.1)
  rubocop-lts-rspec (~> 1.0, >= 1.0.5)
  rubocop-minitest (~> 0.40, >= 0.40.0)
  rubocop-on-rbs (~> 2.0, >= 2.0.0)
  rubocop-packaging (~> 0.6, >= 0.6.0)
  rubocop-ruby2_4 (~> 3.0, >= 3.0.5)
  ruby-merge!
  ruby-progressbar (~> 1.13)
  rust-merge!
  smorg-rb!
  standard (~> 1.56, >= 1.56.0)
  stone_checksums (~> 1.0, >= 1.0.8)
  stringio (>= 3.0)
  toml-merge!
  tree_haver!
  turbo_tests2 (~> 3.2, >= 3.2.4)
  typescript-merge!
  webmock (~> 3.18, >= 3.18.1)
  webrick (~> 1.9)
  yaml-converter (~> 0.2, >= 0.2.4)
  yaml-merge!
  yard (~> 0.9, >= 0.9.45)
  yard-fence (~> 0.9, >= 0.9.7)
  yard-junk (~> 0.1, >= 0.1.0)
  yard-lint (~> 1.10, >= 1.10.2)
  yard-relative_markdown_links (~> 0.6)
  yard-timekeeper (~> 0.2, >= 0.2.5)
  yard-yaml (~> 0.2, >= 0.2.4)
  zip-merge!

BUNDLED WITH
  4.0.17
